// !$*UTF8*$!
{
	archiveVersion = 1;
	classes = {
	};
	objectVersion = 56;
	objects = {

/* Begin PBXBuildFile section */
		9BD0B49D2A57BF8400364482 /* AppDelegate.swift in Sources */ = {isa = PBXBuildFile; fileRef = 9BD0B49C2A57BF8400364482 /* AppDelegate.swift */; };
		9BD0B49F2A57BF8400364482 /* SceneDelegate.swift in Sources */ = {isa = PBXBuildFile; fileRef = 9BD0B49E2A57BF8400364482 /* SceneDelegate.swift */; };
		9BD0B4A12A57BF8400364482 /* ViewController.swift in Sources */ = {isa = PBXBuildFile; fileRef = 9BD0B4A02A57BF8400364482 /* ViewController.swift */; };
		9BD0B4A42A57BF8400364482 /* Main.storyboard in Resources */ = {isa = PBXBuildFile; fileRef = 9BD0B4A22A57BF8400364482 /* Main.storyboard */; };
		9BD0B4A62A57BF8500364482 /* Assets.xcassets in Resources */ = {isa = PBXBuildFile; fileRef = 9BD0B4A52A57BF8500364482 /* Assets.xcassets */; };
		9BD0B4A92A57BF8500364482 /* LaunchScreen.storyboard in Resources */ = {isa = PBXBuildFile; fileRef = 9BD0B4A72A57BF8500364482 /* LaunchScreen.storyboard */; };
		9BD0B4B42A57BF8500364482 /* RaptorsTicketAppTests.swift in Sources */ = {isa = PBXBuildFile; fileRef = 9BD0B4B32A57BF8500364482 /* RaptorsTicketAppTests.swift */; };
		9BD0B4BE2A57BF8500364482 /* RaptorsTicketAppUITests.swift in Sources */ = {isa = PBXBuildFile; fileRef = 9BD0B4BD2A57BF8500364482 /* RaptorsTicketAppUITests.swift */; };
		9BD0B4C02A57BF8500364482 /* RaptorsTicketAppUITestsLaunchTests.swift in Sources */ = {isa = PBXBuildFile; fileRef = 9BD0B4BF2A57BF8500364482 /* RaptorsTicketAppUITestsLaunchTests.swift */; };
		9BD0B4CD2A57C1BF00364482 /* HistoryViewController.swift in Sources */ = {isa = PBXBuildFile; fileRef = 9BD0B4CC2A57C1BF00364482 /* HistoryViewController.swift */; };
		9BD0B4CF2A57C22200364482 /* ManagerViewController.swift in Sources */ = {isa = PBXBuildFile; fileRef = 9BD0B4CE2A57C22200364482 /* ManagerViewController.swift */; };
		9BD0B4D12A57C26F00364482 /* ResViewController.swift in Sources */ = {isa = PBXBuildFile; fileRef = 9BD0B4D02A57C26F00364482 /* ResViewController.swift */; };
		9BD0B4D32A57C29F00364482 /* DeViewController.swift in Sources */ = {isa = PBXBuildFile; fileRef = 9BD0B4D22A57C29F00364482 /* DeViewController.swift */; };
		9BD0B4D72A57C3B500364482 /* Purchase.swift in Sources */ = {isa = PBXBuildFile; fileRef = 9BD0B4D62A57C3B500364482 /* Purchase.swift */; };
		9BD0B4D92A57C3DC00364482 /* Ticket.swift in Sources */ = {isa = PBXBuildFile; fileRef = 9BD0B4D82A57C3DC00364482 /* Ticket.swift */; };
		9BD0B4DB2A57C40B00364482 /* ModelManager.swift in Sources */ = {isa = PBXBuildFile; fileRef = 9BD0B4DA2A57C40B00364482 /* ModelManager.swift */; };
/* End PBXBuildFile section */

/* Begin PBXContainerItemProxy section */
		9BD0B4B02A57BF8500364482 /* PBXContainerItemProxy */ = {
			isa = PBXContainerItemProxy;
			containerPortal = 9BD0B4912A57BF8400364482 /* Project object */;
			proxyType = 1;
			remoteGlobalIDString = 9BD0B4982A57BF8400364482;
			remoteInfo = RaptorsTicketApp;
		};
		9BD0B4BA2A57BF8500364482 /* PBXContainerItemProxy */ = {
			isa = PBXContainerItemProxy;
			containerPortal = 9BD0B4912A57BF8400364482 /* Project object */;
			proxyType = 1;
			remoteGlobalIDString = 9BD0B4982A57BF8400364482;
			remoteInfo = RaptorsTicketApp;
		};
/* End PBXContainerItemProxy section */

/* Begin PBXFileReference section */
		9BD0B4992A57BF8400364482 /* RaptorsTicketApp.app */ = {isa = PBXFileReference; explicitFileType = wrapper.application; includeInIndex = 0; path = RaptorsTicketApp.app; sourceTree = BUILT_PRODUCTS_DIR; };
		9BD0B49C2A57BF8400364482 /* AppDelegate.swift */ = {isa = PBXFileReference; lastKnownFileType = sourcecode.swift; path = AppDelegate.swift; sourceTree = "<group>"; };
		9BD0B49E2A57BF8400364482 /* SceneDelegate.swift */ = {isa = PBXFileReference; lastKnownFileType = sourcecode.swift; path = SceneDelegate.swift; sourceTree = "<group>"; };
		9BD0B4A02A57BF8400364482 /* ViewController.swift */ = {isa = PBXFileReference; lastKnownFileType = sourcecode.swift; path = ViewController.swift; sourceTree = "<group>"; };
		9BD0B4A32A57BF8400364482 /* Base */ = {isa = PBXFileReference; lastKnownFileType = file.storyboard; name = Base; path = Base.lproj/Main.storyboard; sourceTree = "<group>"; };
		9BD0B4A52A57BF8500364482 /* Assets.xcassets */ = {isa = PBXFileReference; lastKnownFileType = folder.assetcatalog; path = Assets.xcassets; sourceTree = "<group>"; };
		9BD0B4A82A57BF8500364482 /* Base */ = {isa = PBXFileReference; lastKnownFileType = file.storyboard; name = Base; path = Base.lproj/LaunchScreen.storyboard; sourceTree = "<group>"; };
		9BD0B4AA2A57BF8500364482 /* Info.plist */ = {isa = PBXFileReference; lastKnownFileType = text.plist.xml; path = Info.plist; sourceTree = "<group>"; };
		9BD0B4AF2A57BF8500364482 /* RaptorsTicketAppTests.xctest */ = {isa = PBXFileReference; explicitFileType = wrapper.cfbundle; includeInIndex = 0; path = RaptorsTicketAppTests.xctest; sourceTree = BUILT_PRODUCTS_DIR; };
		9BD0B4B32A57BF8500364482 /* RaptorsTicketAppTests.swift */ = {isa = PBXFileReference; lastKnownFileType = sourcecode.swift; path = RaptorsTicketAppTests.swift; sourceTree = "<group>"; };
		9BD0B4B92A57BF8500364482 /* RaptorsTicketAppUITests.xctest */ = {isa = PBXFileReference; explicitFileType = wrapper.cfbundle; includeInIndex = 0; path = RaptorsTicketAppUITests.xctest; sourceTree = BUILT_PRODUCTS_DIR; };
		9BD0B4BD2A57BF8500364482 /* RaptorsTicketAppUITests.swift */ = {isa = PBXFileReference; lastKnownFileType = sourcecode.swift; path = RaptorsTicketAppUITests.swift; sourceTree = "<group>"; };
		9BD0B4BF2A57BF8500364482 /* RaptorsTicketAppUITestsLaunchTests.swift */ = {isa = PBXFileReference; lastKnownFileType = sourcecode.swift; path = RaptorsTicketAppUITestsLaunchTests.swift; sourceTree = "<group>"; };
		9BD0B4CC2A57C1BF00364482 /* HistoryViewController.swift */ = {isa = PBXFileReference; lastKnownFileType = sourcecode.swift; path = HistoryViewController.swift; sourceTree = "<group>"; };
		9BD0B4CE2A57C22200364482 /* ManagerViewController.swift */ = {isa = PBXFileReference; lastKnownFileType = sourcecode.swift; path = ManagerViewController.swift; sourceTree = "<group>"; };
		9BD0B4D02A57C26F00364482 /* ResViewController.swift */ = {isa = PBXFileReference; lastKnownFileType = sourcecode.swift; path = ResViewController.swift; sourceTree = "<group>"; };
		9BD0B4D22A57C29F00364482 /* DeViewController.swift */ = {isa = PBXFileReference; lastKnownFileType = sourcecode.swift; path = DeViewController.swift; sourceTree = "<group>"; };
		9BD0B4D62A57C3B500364482 /* Purchase.swift */ = {isa = PBXFileReference; lastKnownFileType = sourcecode.swift; path = Purchase.swift; sourceTree = "<group>"; };
		9BD0B4D82A57C3DC00364482 /* Ticket.swift */ = {isa = PBXFileReference; lastKnownFileType = sourcecode.swift; path = Ticket.swift; sourceTree = "<group>"; };
		9BD0B4DA2A57C40B00364482 /* ModelManager.swift */ = {isa = PBXFileReference; lastKnownFileType = sourcecode.swift; path = ModelManager.swift; sourceTree = "<group>"; };
/* End PBXFileReference section */

/* Begin PBXFrameworksBuildPhase section */
		9BD0B4962A57BF8400364482 /* Frameworks */ = {
			isa = PBXFrameworksBuildPhase;
			buildActionMask = 2147483647;
			files = (
			);
			runOnlyForDeploymentPostprocessing = 0;
		};
		9BD0B4AC2A57BF8500364482 /* Frameworks */ = {
			isa = PBXFrameworksBuildPhase;
			buildActionMask = 2147483647;
			files = (
			);
			runOnlyForDeploymentPostprocessing = 0;
		};
		9BD0B4B62A57BF8500364482 /* Frameworks */ = {
			isa = PBXFrameworksBuildPhase;
			buildActionMask = 2147483647;
			files = (
			);
			runOnlyForDeploymentPostprocessing = 0;
		};
/* End PBXFrameworksBuildPhase section */

/* Begin PBXGroup section */
		9BD0B4902A57BF8400364482 = {
			isa = PBXGroup;
			children = (
				9BD0B4D52A57C37F00364482 /* Model */,
				9BD0B4D42A57C37000364482 /* Ticket Class */,
				9BD0B49B2A57BF8400364482 /* RaptorsTicketApp */,
				9BD0B4B22A57BF8500364482 /* RaptorsTicketAppTests */,
				9BD0B4BC2A57BF8500364482 /* RaptorsTicketAppUITests */,
				9BD0B49A2A57BF8400364482 /* Products */,
			);
			sourceTree = "<group>";
		};
		9BD0B49A2A57BF8400364482 /* Products */ = {
			isa = PBXGroup;
			children = (
				9BD0B4992A57BF8400364482 /* RaptorsTicketApp.app */,
				9BD0B4AF2A57BF8500364482 /* RaptorsTicketAppTests.xctest */,
				9BD0B4B92A57BF8500364482 /* RaptorsTicketAppUITests.xctest */,
			);
			name = Products;
			sourceTree = "<group>";
		};
		9BD0B49B2A57BF8400364482 /* RaptorsTicketApp */ = {
			isa = PBXGroup;
			children = (
				9BD0B49C2A57BF8400364482 /* AppDelegate.swift */,
				9BD0B49E2A57BF8400364482 /* SceneDelegate.swift */,
				9BD0B4A02A57BF8400364482 /* ViewController.swift */,
				9BD0B4D02A57C26F00364482 /* ResViewController.swift */,
				9BD0B4A22A57BF8400364482 /* Main.storyboard */,
				9BD0B4A52A57BF8500364482 /* Assets.xcassets */,
				9BD0B4A72A57BF8500364482 /* LaunchScreen.storyboard */,
				9BD0B4AA2A57BF8500364482 /* Info.plist */,
				9BD0B4CC2A57C1BF00364482 /* HistoryViewController.swift */,
				9BD0B4CE2A57C22200364482 /* ManagerViewController.swift */,
				9BD0B4D22A57C29F00364482 /* DeViewController.swift */,
			);
			path = RaptorsTicketApp;
			sourceTree = "<group>";
		};
		9BD0B4B22A57BF8500364482 /* RaptorsTicketAppTests */ = {
			isa = PBXGroup;
			children = (
				9BD0B4B32A57BF8500364482 /* RaptorsTicketAppTests.swift */,
			);
			path = RaptorsTicketAppTests;
			sourceTree = "<group>";
		};
		9BD0B4BC2A57BF8500364482 /* RaptorsTicketAppUITests */ = {
			isa = PBXGroup;
			children = (
				9BD0B4BD2A57BF8500364482 /* RaptorsTicketAppUITests.swift */,
				9BD0B4BF2A57BF8500364482 /* RaptorsTicketAppUITestsLaunchTests.swift */,
			);
			path = RaptorsTicketAppUITests;
			sourceTree = "<group>";
		};
		9BD0B4D42A57C37000364482 /* Ticket Class */ = {
			isa = PBXGroup;
			children = (
				9BD0B4D62A57C3B500364482 /* Purchase.swift */,
				9BD0B4D82A57C3DC00364482 /* Ticket.swift */,
			);
			path = "Ticket Class";
			sourceTree = "<group>";
		};
		9BD0B4D52A57C37F00364482 /* Model */ = {
			isa = PBXGroup;
			children = (
				9BD0B4DA2A57C40B00364482 /* ModelManager.swift */,
			);
			path = Model;
			sourceTree = "<group>";
		};
/* End PBXGroup section */

/* Begin PBXNativeTarget section */
		9BD0B4982A57BF8400364482 /* RaptorsTicketApp */ = {
			isa = PBXNativeTarget;
			buildConfigurationList = 9BD0B4C32A57BF8500364482 /* Build configuration list for PBXNativeTarget "RaptorsTicketApp" */;
			buildPhases = (
				9BD0B4952A57BF8400364482 /* Sources */,
				9BD0B4962A57BF8400364482 /* Frameworks */,
				9BD0B4972A57BF8400364482 /* Resources */,
			);
			buildRules = (
			);
			dependencies = (
			);
			name = RaptorsTicketApp;
			productName = RaptorsTicketApp;
			productReference = 9BD0B4992A57BF8400364482 /* RaptorsTicketApp.app */;
			productType = "com.apple.product-type.application";
		};
		9BD0B4AE2A57BF8500364482 /* RaptorsTicketAppTests */ = {
			isa = PBXNativeTarget;
			buildConfigurationList = 9BD0B4C62A57BF8500364482 /* Build configuration list for PBXNativeTarget "RaptorsTicketAppTests" */;
			buildPhases = (
				9BD0B4AB2A57BF8500364482 /* Sources */,
				9BD0B4AC2A57BF8500364482 /* Frameworks */,
				9BD0B4AD2A57BF8500364482 /* Resources */,
			);
			buildRules = (
			);
			dependencies = (
				9BD0B4B12A57BF8500364482 /* PBXTargetDependency */,
			);
			name = RaptorsTicketAppTests;
			productName = RaptorsTicketAppTests;
			productReference = 9BD0B4AF2A57BF8500364482 /* RaptorsTicketAppTests.xctest */;
			productType = "com.apple.product-type.bundle.unit-test";
		};
		9BD0B4B82A57BF8500364482 /* RaptorsTicketAppUITests */ = {
			isa = PBXNativeTarget;
			buildConfigurationList = 9BD0B4C92A57BF8500364482 /* Build configuration list for PBXNativeTarget "RaptorsTicketAppUITests" */;
			buildPhases = (
				9BD0B4B52A57BF8500364482 /* Sources */,
				9BD0B4B62A57BF8500364482 /* Frameworks */,
				9BD0B4B72A57BF8500364482 /* Resources */,
			);
			buildRules = (
			);
			dependencies = (
				9BD0B4BB2A57BF8500364482 /* PBXTargetDependency */,
			);
			name = RaptorsTicketAppUITests;
			productName = RaptorsTicketAppUITests;
			productReference = 9BD0B4B92A57BF8500364482 /* RaptorsTicketAppUITests.xctest */;
			productType = "com.apple.product-type.bundle.ui-testing";
		};
/* End PBXNativeTarget section */

/* Begin PBXProject section */
		9BD0B4912A57BF8400364482 /* Project object */ = {
			isa = PBXProject;
			attributes = {
				BuildIndependentTargetsInParallel = 1;
				LastSwiftUpdateCheck = 1420;
				LastUpgradeCheck = 1420;
				TargetAttributes = {
					9BD0B4982A57BF8400364482 = {
						CreatedOnToolsVersion = 14.2;
					};
					9BD0B4AE2A57BF8500364482 = {
						CreatedOnToolsVersion = 14.2;
						TestTargetID = 9BD0B4982A57BF8400364482;
					};
					9BD0B4B82A57BF8500364482 = {
						CreatedOnToolsVersion = 14.2;
						TestTargetID = 9BD0B4982A57BF8400364482;
					};
				};
			};
			buildConfigurationList = 9BD0B4942A57BF8400364482 /* Build configuration list for PBXProject "RaptorsTicketApp" */;
			compatibilityVersion = "Xcode 14.0";
			developmentRegion = en;
			hasScannedForEncodings = 0;
			knownRegions = (
				en,
				Base,
			);
			mainGroup = 9BD0B4902A57BF8400364482;
			productRefGroup = 9BD0B49A2A57BF8400364482 /* Products */;
			projectDirPath = "";
			projectRoot = "";
			targets = (
				9BD0B4982A57BF8400364482 /* RaptorsTicketApp */,
				9BD0B4AE2A57BF8500364482 /* RaptorsTicketAppTests */,
				9BD0B4B82A57BF8500364482 /* RaptorsTicketAppUITests */,
			);
		};
/* End PBXProject section */

/* Begin PBXResourcesBuildPhase section */
		9BD0B4972A57BF8400364482 /* Resources */ = {
			isa = PBXResourcesBuildPhase;
			buildActionMask = 2147483647;
			files = (
				9BD0B4A92A57BF8500364482 /* LaunchScreen.storyboard in Resources */,
				9BD0B4A62A57BF8500364482 /* Assets.xcassets in Resources */,
				9BD0B4A42A57BF8400364482 /* Main.storyboard in Resources */,
			);
			runOnlyForDeploymentPostprocessing = 0;
		};
		9BD0B4AD2A57BF8500364482 /* Resources */ = {
			isa = PBXResourcesBuildPhase;
			buildActionMask = 2147483647;
			files = (
			);
			runOnlyForDeploymentPostprocessing = 0;
		};
		9BD0B4B72A57BF8500364482 /* Resources */ = {
			isa = PBXResourcesBuildPhase;
			buildActionMask = 2147483647;
			files = (
			);
			runOnlyForDeploymentPostprocessing = 0;
		};
/* End PBXResourcesBuildPhase section */

/* Begin PBXSourcesBuildPhase section */
		9BD0B4952A57BF8400364482 /* Sources */ = {
			isa = PBXSourcesBuildPhase;
			buildActionMask = 2147483647;
			files = (
				9BD0B4CF2A57C22200364482 /* ManagerViewController.swift in Sources */,
				9BD0B4A12A57BF8400364482 /* ViewController.swift in Sources */,
				9BD0B49D2A57BF8400364482 /* AppDelegate.swift in Sources */,
				9BD0B49F2A57BF8400364482 /* SceneDelegate.swift in Sources */,
				9BD0B4D92A57C3DC00364482 /* Ticket.swift in Sources */,
				9BD0B4D72A57C3B500364482 /* Purchase.swift in Sources */,
				9BD0B4CD2A57C1BF00364482 /* HistoryViewController.swift in Sources */,
				9BD0B4DB2A57C40B00364482 /* ModelManager.swift in Sources */,
				9BD0B4D12A57C26F00364482 /* ResViewController.swift in Sources */,
				9BD0B4D32A57C29F00364482 /* DeViewController.swift in Sources */,
			);
			runOnlyForDeploymentPostprocessing = 0;
		};
		9BD0B4AB2A57BF8500364482 /* Sources */ = {
			isa = PBXSourcesBuildPhase;
			buildActionMask = 2147483647;
			files = (
				9BD0B4B42A57BF8500364482 /* RaptorsTicketAppTests.swift in Sources */,
			);
			runOnlyForDeploymentPostprocessing = 0;
		};
		9BD0B4B52A57BF8500364482 /* Sources */ = {
			isa = PBXSourcesBuildPhase;
			buildActionMask = 2147483647;
			files = (
				9BD0B4C02A57BF8500364482 /* RaptorsTicketAppUITestsLaunchTests.swift in Sources */,
				9BD0B4BE2A57BF8500364482 /* RaptorsTicketAppUITests.swift in Sources */,
			);
			runOnlyForDeploymentPostprocessing = 0;
		};
/* End PBXSourcesBuildPhase section */

/* Begin PBXTargetDependency section */
		9BD0B4B12A57BF8500364482 /* PBXTargetDependency */ = {
			isa = PBXTargetDependency;
			target = 9BD0B4982A57BF8400364482 /* RaptorsTicketApp */;
			targetProxy = 9BD0B4B02A57BF8500364482 /* PBXContainerItemProxy */;
		};
		9BD0B4BB2A57BF8500364482 /* PBXTargetDependency */ = {
			isa = PBXTargetDependency;
			target = 9BD0B4982A57BF8400364482 /* RaptorsTicketApp */;
			targetProxy = 9BD0B4BA2A57BF8500364482 /* PBXContainerItemProxy */;
		};
/* End PBXTargetDependency section */

/* Begin PBXVariantGroup section */
		9BD0B4A22A57BF8400364482 /* Main.storyboard */ = {
			isa = PBXVariantGroup;
			children = (
				9BD0B4A32A57BF8400364482 /* Base */,
			);
			name = Main.storyboard;
			sourceTree = "<group>";
		};
		9BD0B4A72A57BF8500364482 /* LaunchScreen.storyboard */ = {
			isa = PBXVariantGroup;
			children = (
				9BD0B4A82A57BF8500364482 /* Base */,
			);
			name = LaunchScreen.storyboard;
			sourceTree = "<group>";
		};
/* End PBXVariantGroup section */

/* Begin XCBuildConfiguration section */
		9BD0B4C12A57BF8500364482 /* Debug */ = {
			isa = XCBuildConfiguration;
			buildSettings = {
				ALWAYS_SEARCH_USER_PATHS = NO;
				CLANG_ANALYZER_NONNULL = YES;
				CLANG_ANALYZER_NUMBER_OBJECT_CONVERSION = YES_AGGRESSIVE;
				CLANG_CXX_LANGUAGE_STANDARD = "gnu++20";
				CLANG_ENABLE_MODULES = YES;
				CLANG_ENABLE_OBJC_ARC = YES;
				CLANG_ENABLE_OBJC_WEAK = YES;
				CLANG_WARN_BLOCK_CAPTURE_AUTORELEASING = YES;
				CLANG_WARN_BOOL_CONVERSION = YES;
				CLANG_WARN_COMMA = YES;
				CLANG_WARN_CONSTANT_CONVERSION = YES;
				CLANG_WARN_DEPRECATED_OBJC_IMPLEMENTATIONS = YES;
				CLANG_WARN_DIRECT_OBJC_ISA_USAGE = YES_ERROR;
				CLANG_WARN_DOCUMENTATION_COMMENTS = YES;
				CLANG_WARN_EMPTY_BODY = YES;
				CLANG_WARN_ENUM_CONVERSION = YES;
				CLANG_WARN_INFINITE_RECURSION = YES;
				CLANG_WARN_INT_CONVERSION = YES;
				CLANG_WARN_NON_LITERAL_NULL_CONVERSION = YES;
				CLANG_WARN_OBJC_IMPLICIT_RETAIN_SELF = YES;
				CLANG_WARN_OBJC_LITERAL_CONVERSION = YES;
				CLANG_WARN_OBJC_ROOT_CLASS = YES_ERROR;
				CLANG_WARN_QUOTED_INCLUDE_IN_FRAMEWORK_HEADER = YES;
				CLANG_WARN_RANGE_LOOP_ANALYSIS = YES;
				CLANG_WARN_STRICT_PROTOTYPES = YES;
				CLANG_WARN_SUSPICIOUS_MOVE = YES;
				CLANG_WARN_UNGUARDED_AVAILABILITY = YES_AGGRESSIVE;
				CLANG_WARN_UNREACHABLE_CODE = YES;
				CLANG_WARN__DUPLICATE_METHOD_MATCH = YES;
				COPY_PHASE_STRIP = NO;
				DEBUG_INFORMATION_FORMAT = dwarf;
				ENABLE_STRICT_OBJC_MSGSEND = YES;
				ENABLE_TESTABILITY = YES;
				GCC_C_LANGUAGE_STANDARD = gnu11;
				GCC_DYNAMIC_NO_PIC = NO;
				GCC_NO_COMMON_BLOCKS = YES;
				GCC_OPTIMIZATION_LEVEL = 0;
				GCC_PREPROCESSOR_DEFINITIONS = (
					"DEBUG=1",
					"$(inherited)",
				);
				GCC_WARN_64_TO_32_BIT_CONVERSION = YES;
				GCC_WARN_ABOUT_RETURN_TYPE = YES_ERROR;
				GCC_WARN_UNDECLARED_SELECTOR = YES;
				GCC_WARN_UNINITIALIZED_AUTOS = YES_AGGRESSIVE;
				GCC_WARN_UNUSED_FUNCTION = YES;
				GCC_WARN_UNUSED_VARIABLE = YES;
				IPHONEOS_DEPLOYMENT_TARGET = 16.2;
				MTL_ENABLE_DEBUG_INFO = INCLUDE_SOURCE;
				MTL_FAST_MATH = YES;
				ONLY_ACTIVE_ARCH = YES;
				SDKROOT = iphoneos;
				SWIFT_ACTIVE_COMPILATION_CONDITIONS = DEBUG;
				SWIFT_OPTIMIZATION_LEVEL = "-Onone";
			};
			name = Debug;
		};
		9BD0B4C22A57BF8500364482 /* Release */ = {
			isa = XCBuildConfiguration;
			buildSettings = {
				ALWAYS_SEARCH_USER_PATHS = NO;
				CLANG_ANALYZER_NONNULL = YES;
				CLANG_ANALYZER_NUMBER_OBJECT_CONVERSION = YES_AGGRESSIVE;
				CLANG_CXX_LANGUAGE_STANDARD = "gnu++20";
				CLANG_ENABLE_MODULES = YES;
				CLANG_ENABLE_OBJC_ARC = YES;
				CLANG_ENABLE_OBJC_WEAK = YES;
				CLANG_WARN_BLOCK_CAPTURE_AUTORELEASING = YES;
				CLANG_WARN_BOOL_CONVERSION = YES;
				CLANG_WARN_COMMA = YES;
				CLANG_WARN_CONSTANT_CONVERSION = YES;
				CLANG_WARN_DEPRECATED_OBJC_IMPLEMENTATIONS = YES;
				CLANG_WARN_DIRECT_OBJC_ISA_USAGE = YES_ERROR;
				CLANG_WARN_DOCUMENTATION_COMMENTS = YES;
				CLANG_WARN_EMPTY_BODY = YES;
				CLANG_WARN_ENUM_CONVERSION = YES;
				CLANG_WARN_INFINITE_RECURSION = YES;
				CLANG_WARN_INT_CONVERSION = YES;
				CLANG_WARN_NON_LITERAL_NULL_CONVERSION = YES;
				CLANG_WARN_OBJC_IMPLICIT_RETAIN_SELF = YES;
				CLANG_WARN_OBJC_LITERAL_CONVERSION = YES;
				CLANG_WARN_OBJC_ROOT_CLASS = YES_ERROR;
				CLANG_WARN_QUOTED_INCLUDE_IN_FRAMEWORK_HEADER = YES;
				CLANG_WARN_RANGE_LOOP_ANALYSIS = YES;
				CLANG_WARN_STRICT_PROTOTYPES = YES;
				CLANG_WARN_SUSPICIOUS_MOVE = YES;
				CLANG_WARN_UNGUARDED_AVAILABILITY = YES_AGGRESSIVE;
				CLANG_WARN_UNREACHABLE_CODE = YES;
				CLANG_WARN__DUPLICATE_METHOD_MATCH = YES;
				COPY_PHASE_STRIP = NO;
				DEBUG_INFORMATION_FORMAT = "dwarf-with-dsym";
				ENABLE_NS_ASSERTIONS = NO;
				ENABLE_STRICT_OBJC_MSGSEND = YES;
				GCC_C_LANGUAGE_STANDARD = gnu11;
				GCC_NO_COMMON_BLOCKS = YES;
				GCC_WARN_64_TO_32_BIT_CONVERSION = YES;
				GCC_WARN_ABOUT_RETURN_TYPE = YES_ERROR;
				GCC_WARN_UNDECLARED_SELECTOR = YES;
				GCC_WARN_UNINITIALIZED_AUTOS = YES_AGGRESSIVE;
				GCC_WARN_UNUSED_FUNCTION = YES;
				GCC_WARN_UNUSED_VARIABLE = YES;
				IPHONEOS_DEPLOYMENT_TARGET = 16.2;
				MTL_ENABLE_DEBUG_INFO = NO;
				MTL_FAST_MATH = YES;
				SDKROOT = iphoneos;
				SWIFT_COMPILATION_MODE = wholemodule;
				SWIFT_OPTIMIZATION_LEVEL = "-O";
				VALIDATE_PRODUCT = YES;
			};
			name = Release;
		};
		9BD0B4C42A57BF8500364482 /* Debug */ = {
			isa = XCBuildConfiguration;
			buildSettings = {
				ASSETCATALOG_COMPILER_APPICON_NAME = AppIcon;
				ASSETCATALOG_COMPILER_GLOBAL_ACCENT_COLOR_NAME = AccentColor;
				CODE_SIGN_STYLE = Automatic;
				CURRENT_PROJECT_VERSION = 1;
				GENERATE_INFOPLIST_FILE = YES;
				INFOPLIST_FILE = RaptorsTicketApp/Info.plist;
				INFOPLIST_KEY_UIApplicationSupportsIndirectInputEvents = YES;
				INFOPLIST_KEY_UILaunchStoryboardName = LaunchScreen;
				INFOPLIST_KEY_UIMainStoryboardFile = Main;
				INFOPLIST_KEY_UISupportedInterfaceOrientations_iPad = "UIInterfaceOrientationPortrait UIInterfaceOrientationPortraitUpsideDown UIInterfaceOrientationLandscapeLeft UIInterfaceOrientationLandscapeRight";
				INFOPLIST_KEY_UISupportedInterfaceOrientations_iPhone = "UIInterfaceOrientationPortrait UIInterfaceOrientationLandscapeLeft UIInterfaceOrientationLandscapeRight";
				LD_RUNPATH_SEARCH_PATHS = (
					"$(inherited)",
					"@executable_path/Frameworks",
				);
				MARKETING_VERSION = 1.0;
				PRODUCT_BUNDLE_IDENTIFIER = humber.ca.RaptorsTicketApp;
				PRODUCT_NAME = "$(TARGET_NAME)";
				SWIFT_EMIT_LOC_STRINGS = YES;
				SWIFT_VERSION = 5.0;
				TARGETED_DEVICE_FAMILY = "1,2";
			};
			name = Debug;
		};
		9BD0B4C52A57BF8500364482 /* Release */ = {
			isa = XCBuildConfiguration;
			buildSettings = {
				ASSETCATALOG_COMPILER_APPICON_NAME = AppIcon;
				ASSETCATALOG_COMPILER_GLOBAL_ACCENT_COLOR_NAME = AccentColor;
				CODE_SIGN_STYLE = Automatic;
				CURRENT_PROJECT_VERSION = 1;
				GENERATE_INFOPLIST_FILE = YES;
				INFOPLIST_FILE = RaptorsTicketApp/Info.plist;
				INFOPLIST_KEY_UIApplicationSupportsIndirectInputEvents = YES;
				INFOPLIST_KEY_UILaunchStoryboardName = LaunchScreen;
				INFOPLIST_KEY_UIMainStoryboardFile = Main;
				INFOPLIST_KEY_UISupportedInterfaceOrientations_iPad = "UIInterfaceOrientationPortrait UIInterfaceOrientationPortraitUpsideDown UIInterfaceOrientationLandscapeLeft UIInterfaceOrientationLandscapeRight";
				INFOPLIST_KEY_UISupportedInterfaceOrientations_iPhone = "UIInterfaceOrientationPortrait UIInterfaceOrientationLandscapeLeft UIInterfaceOrientationLandscapeRight";
				LD_RUNPATH_SEARCH_PATHS = (
					"$(inherited)",
					"@executable_path/Frameworks",
				);
				MARKETING_VERSION = 1.0;
				PRODUCT_BUNDLE_IDENTIFIER = humber.ca.RaptorsTicketApp;
				PRODUCT_NAME = "$(TARGET_NAME)";
				SWIFT_EMIT_LOC_STRINGS = YES;
				SWIFT_VERSION = 5.0;
				TARGETED_DEVICE_FAMILY = "1,2";
			};
			name = Release;
		};
		9BD0B4C72A57BF8500364482 /* Debug */ = {
			isa = XCBuildConfiguration;
			buildSettings = {
				ALWAYS_EMBED_SWIFT_STANDARD_LIBRARIES = YES;
				BUNDLE_LOADER = "$(TEST_HOST)";
				CODE_SIGN_STYLE = Automatic;
				CURRENT_PROJECT_VERSION = 1;
				GENERATE_INFOPLIST_FILE = YES;
				IPHONEOS_DEPLOYMENT_TARGET = 16.2;
				MARKETING_VERSION = 1.0;
				PRODUCT_BUNDLE_IDENTIFIER = humber.ca.RaptorsTicketAppTests;
				PRODUCT_NAME = "$(TARGET_NAME)";
				SWIFT_EMIT_LOC_STRINGS = NO;
				SWIFT_VERSION = 5.0;
				TARGETED_DEVICE_FAMILY = "1,2";
				TEST_HOST = "$(BUILT_PRODUCTS_DIR)/RaptorsTicketApp.app/$(BUNDLE_EXECUTABLE_FOLDER_PATH)/RaptorsTicketApp";
			};
			name = Debug;
		};
		9BD0B4C82A57BF8500364482 /* Release */ = {
			isa = XCBuildConfiguration;
			buildSettings = {
				ALWAYS_EMBED_SWIFT_STANDARD_LIBRARIES = YES;
				BUNDLE_LOADER = "$(TEST_HOST)";
				CODE_SIGN_STYLE = Automatic;
				CURRENT_PROJECT_VERSION = 1;
				GENERATE_INFOPLIST_FILE = YES;
				IPHONEOS_DEPLOYMENT_TARGET = 16.2;
				MARKETING_VERSION = 1.0;
				PRODUCT_BUNDLE_IDENTIFIER = humber.ca.RaptorsTicketAppTests;
				PRODUCT_NAME = "$(TARGET_NAME)";
				SWIFT_EMIT_LOC_STRINGS = NO;
				SWIFT_VERSION = 5.0;
				TARGETED_DEVICE_FAMILY = "1,2";
				TEST_HOST = "$(BUILT_PRODUCTS_DIR)/RaptorsTicketApp.app/$(BUNDLE_EXECUTABLE_FOLDER_PATH)/RaptorsTicketApp";
			};
			name = Release;
		};
		9BD0B4CA2A57BF8500364482 /* Debug */ = {
			isa = XCBuildConfiguration;
			buildSettings = {
				ALWAYS_EMBED_SWIFT_STANDARD_LIBRARIES = YES;
				CODE_SIGN_STYLE = Automatic;
				CURRENT_PROJECT_VERSION = 1;
				GENERATE_INFOPLIST_FILE = YES;
				MARKETING_VERSION = 1.0;
				PRODUCT_BUNDLE_IDENTIFIER = humber.ca.RaptorsTicketAppUITests;
				PRODUCT_NAME = "$(TARGET_NAME)";
				SWIFT_EMIT_LOC_STRINGS = NO;
				SWIFT_VERSION = 5.0;
				TARGETED_DEVICE_FAMILY = "1,2";
				TEST_TARGET_NAME = RaptorsTicketApp;
			};
			name = Debug;
		};
		9BD0B4CB2A57BF8500364482 /* Release */ = {
			isa = XCBuildConfiguration;
			buildSettings = {
				ALWAYS_EMBED_SWIFT_STANDARD_LIBRARIES = YES;
				CODE_SIGN_STYLE = Automatic;
				CURRENT_PROJECT_VERSION = 1;
				GENERATE_INFOPLIST_FILE = YES;
				MARKETING_VERSION = 1.0;
				PRODUCT_BUNDLE_IDENTIFIER = humber.ca.RaptorsTicketAppUITests;
				PRODUCT_NAME = "$(TARGET_NAME)";
				SWIFT_EMIT_LOC_STRINGS = NO;
				SWIFT_VERSION = 5.0;
				TARGETED_DEVICE_FAMILY = "1,2";
				TEST_TARGET_NAME = RaptorsTicketApp;
			};
			name = Release;
		};
/* End XCBuildConfiguration section */

/* Begin XCConfigurationList section */
		9BD0B4942A57BF8400364482 /* Build configuration list for PBXProject "RaptorsTicketApp" */ = {
			isa = XCConfigurationList;
			buildConfigurations = (
				9BD0B4C12A57BF8500364482 /* Debug */,
				9BD0B4C22A57BF8500364482 /* Release */,
			);
			defaultConfigurationIsVisible = 0;
			defaultConfigurationName = Release;
		};
		9BD0B4C32A57BF8500364482 /* Build configuration list for PBXNativeTarget "RaptorsTicketApp" */ = {
			isa = XCConfigurationList;
			buildConfigurations = (
				9BD0B4C42A57BF8500364482 /* Debug */,
				9BD0B4C52A57BF8500364482 /* Release */,
			);
			defaultConfigurationIsVisible = 0;
			defaultConfigurationName = Release;
		};
		9BD0B4C62A57BF8500364482 /* Build configuration list for PBXNativeTarget "RaptorsTicketAppTests" */ = {
			isa = XCConfigurationList;
			buildConfigurations = (
				9BD0B4C72A57BF8500364482 /* Debug */,
				9BD0B4C82A57BF8500364482 /* Release */,
			);
			defaultConfigurationIsVisible = 0;
			defaultConfigurationName = Release;
		};
		9BD0B4C92A57BF8500364482 /* Build configuration list for PBXNativeTarget "RaptorsTicketAppUITests" */ = {
			isa = XCConfigurationList;
			buildConfigurations = (
				9BD0B4CA2A57BF8500364482 /* Debug */,
				9BD0B4CB2A57BF8500364482 /* Release */,
			);
			defaultConfigurationIsVisible = 0;
			defaultConfigurationName = Release;
		};
/* End XCConfigurationList section */
	};
	rootObject = 9BD0B4912A57BF8400364482 /* Project object */;
}
